// !$*UTF8*$!
{
	archiveVersion = 1;
	classes = {
	};
	objectVersion = 50;
	objects = {

/* Begin PBXBuildFile section */
		8E0A6797223F4F9E0076B2C4 /* WeatherLocation.swift in Sources */ = {isa = PBXBuildFile; fileRef = 8E0A6796223F4F9E0076B2C4 /* WeatherLocation.swift */; };
		8E0A6799223F64800076B2C4 /* Constants.swift in Sources */ = {isa = PBXBuildFile; fileRef = 8E0A6798223F64800076B2C4 /* Constants.swift */; };
		8E0A679D22489CA00076B2C4 /* DayWeatherCell.swift in Sources */ = {isa = PBXBuildFile; fileRef = 8E0A679C22489CA00076B2C4 /* DayWeatherCell.swift */; };
		8E5FBFF72235AFC600FA3B1B /* AppDelegate.swift in Sources */ = {isa = PBXBuildFile; fileRef = 8E5FBFF62235AFC600FA3B1B /* AppDelegate.swift */; };
		8E5FBFFC2235AFC600FA3B1B /* Main.storyboard in Resources */ = {isa = PBXBuildFile; fileRef = 8E5FBFFA2235AFC600FA3B1B /* Main.storyboard */; };
		8E5FBFFE2235AFC800FA3B1B /* Assets.xcassets in Resources */ = {isa = PBXBuildFile; fileRef = 8E5FBFFD2235AFC800FA3B1B /* Assets.xcassets */; };
		8E5FC0012235AFC800FA3B1B /* LaunchScreen.storyboard in Resources */ = {isa = PBXBuildFile; fileRef = 8E5FBFFF2235AFC800FA3B1B /* LaunchScreen.storyboard */; };
		8E5FC0092235B7E700FA3B1B /* DetailVC.swift in Sources */ = {isa = PBXBuildFile; fileRef = 8E5FC0082235B7E600FA3B1B /* DetailVC.swift */; };
		8E5FC00B2235C4AD00FA3B1B /* ListVC.swift in Sources */ = {isa = PBXBuildFile; fileRef = 8E5FC00A2235C4AD00FA3B1B /* ListVC.swift */; };
		8E5FC00D2235C87300FA3B1B /* PageVC.swift in Sources */ = {isa = PBXBuildFile; fileRef = 8E5FC00C2235C87300FA3B1B /* PageVC.swift */; };
		C6DFED39B6358C28C00B47F4 /* Pods_WeatherGift.framework in Frameworks */ = {isa = PBXBuildFile; fileRef = DB7190D0AE4BB78AF85BCE9B /* Pods_WeatherGift.framework */; };
/* End PBXBuildFile section */

/* Begin PBXFileReference section */
		2761D59A73B4A5545310516B /* Pods-WeatherGift.debug.xcconfig */ = {isa = PBXFileReference; includeInIndex = 1; lastKnownFileType = text.xcconfig; name = "Pods-WeatherGift.debug.xcconfig"; path = "Target Support Files/Pods-WeatherGift/Pods-WeatherGift.debug.xcconfig"; sourceTree = "<group>"; };
		8E0A6796223F4F9E0076B2C4 /* WeatherLocation.swift */ = {isa = PBXFileReference; lastKnownFileType = sourcecode.swift; path = WeatherLocation.swift; sourceTree = "<group>"; };
		8E0A6798223F64800076B2C4 /* Constants.swift */ = {isa = PBXFileReference; lastKnownFileType = sourcecode.swift; path = Constants.swift; sourceTree = "<group>"; };
		8E0A679C22489CA00076B2C4 /* DayWeatherCell.swift */ = {isa = PBXFileReference; lastKnownFileType = sourcecode.swift; path = DayWeatherCell.swift; sourceTree = "<group>"; };
		8E5FBFF32235AFC600FA3B1B /* WeatherGift.app */ = {isa = PBXFileReference; explicitFileType = wrapper.application; includeInIndex = 0; path = WeatherGift.app; sourceTree = BUILT_PRODUCTS_DIR; };
		8E5FBFF62235AFC600FA3B1B /* AppDelegate.swift */ = {isa = PBXFileReference; lastKnownFileType = sourcecode.swift; path = AppDelegate.swift; sourceTree = "<group>"; };
		8E5FBFFB2235AFC600FA3B1B /* Base */ = {isa = PBXFileReference; lastKnownFileType = file.storyboard; name = Base; path = Base.lproj/Main.storyboard; sourceTree = "<group>"; };
		8E5FBFFD2235AFC800FA3B1B /* Assets.xcassets */ = {isa = PBXFileReference; lastKnownFileType = folder.assetcatalog; path = Assets.xcassets; sourceTree = "<group>"; };
		8E5FC0002235AFC800FA3B1B /* Base */ = {isa = PBXFileReference; lastKnownFileType = file.storyboard; name = Base; path = Base.lproj/LaunchScreen.storyboard; sourceTree = "<group>"; };
		8E5FC0022235AFC800FA3B1B /* Info.plist */ = {isa = PBXFileReference; lastKnownFileType = text.plist.xml; path = Info.plist; sourceTree = "<group>"; };
		8E5FC0082235B7E600FA3B1B /* DetailVC.swift */ = {isa = PBXFileReference; lastKnownFileType = sourcecode.swift; path = DetailVC.swift; sourceTree = "<group>"; };
		8E5FC00A2235C4AD00FA3B1B /* ListVC.swift */ = {isa = PBXFileReference; lastKnownFileType = sourcecode.swift; path = ListVC.swift; sourceTree = "<group>"; };
		8E5FC00C2235C87300FA3B1B /* PageVC.swift */ = {isa = PBXFileReference; lastKnownFileType = sourcecode.swift; path = PageVC.swift; sourceTree = "<group>"; };
		DB7190D0AE4BB78AF85BCE9B /* Pods_WeatherGift.framework */ = {isa = PBXFileReference; explicitFileType = wrapper.framework; includeInIndex = 0; path = Pods_WeatherGift.framework; sourceTree = BUILT_PRODUCTS_DIR; };
		F3DDB397CE887BE8904A057E /* Pods-WeatherGift.release.xcconfig */ = {isa = PBXFileReference; includeInIndex = 1; lastKnownFileType = text.xcconfig; name = "Pods-WeatherGift.release.xcconfig"; path = "Target Support Files/Pods-WeatherGift/Pods-WeatherGift.release.xcconfig"; sourceTree = "<group>"; };
/* End PBXFileReference section */

/* Begin PBXFrameworksBuildPhase section */
		8E5FBFF02235AFC600FA3B1B /* Frameworks */ = {
			isa = PBXFrameworksBuildPhase;
			buildActionMask = 2147483647;
			files = (
				C6DFED39B6358C28C00B47F4 /* Pods_WeatherGift.framework in Frameworks */,
			);
			runOnlyForDeploymentPostprocessing = 0;
		};
/* End PBXFrameworksBuildPhase section */

/* Begin PBXGroup section */
		8E5FBFEA2235AFC600FA3B1B = {
			isa = PBXGroup;
			children = (
				8E5FBFF52235AFC600FA3B1B /* WeatherGift */,
				8E5FBFF42235AFC600FA3B1B /* Products */,
				AE6B1F7840ECACE26DCF6EB2 /* Pods */,
				FEB68BA0E3A41E116B3362A8 /* Frameworks */,
			);
			sourceTree = "<group>";
		};
		8E5FBFF42235AFC600FA3B1B /* Products */ = {
			isa = PBXGroup;
			children = (
				8E5FBFF32235AFC600FA3B1B /* WeatherGift.app */,
			);
			name = Products;
			sourceTree = "<group>";
		};
		8E5FBFF52235AFC600FA3B1B /* WeatherGift */ = {
			isa = PBXGroup;
			children = (
				8E5FBFF62235AFC600FA3B1B /* AppDelegate.swift */,
				8E0A6796223F4F9E0076B2C4 /* WeatherLocation.swift */,
				8E5FC00C2235C87300FA3B1B /* PageVC.swift */,
				8E5FC0082235B7E600FA3B1B /* DetailVC.swift */,
				8E0A679C22489CA00076B2C4 /* DayWeatherCell.swift */,
				8E5FC00A2235C4AD00FA3B1B /* ListVC.swift */,
				8E0A6798223F64800076B2C4 /* Constants.swift */,
				8E5FBFFA2235AFC600FA3B1B /* Main.storyboard */,
				8E5FBFFD2235AFC800FA3B1B /* Assets.xcassets */,
				8E5FBFFF2235AFC800FA3B1B /* LaunchScreen.storyboard */,
				8E5FC0022235AFC800FA3B1B /* Info.plist */,
			);
			path = WeatherGift;
			sourceTree = "<group>";
		};
		AE6B1F7840ECACE26DCF6EB2 /* Pods */ = {
			isa = PBXGroup;
			children = (
				2761D59A73B4A5545310516B /* Pods-WeatherGift.debug.xcconfig */,
				F3DDB397CE887BE8904A057E /* Pods-WeatherGift.release.xcconfig */,
			);
			path = Pods;
			sourceTree = "<group>";
		};
		FEB68BA0E3A41E116B3362A8 /* Frameworks */ = {
			isa = PBXGroup;
			children = (
				DB7190D0AE4BB78AF85BCE9B /* Pods_WeatherGift.framework */,
			);
			name = Frameworks;
			sourceTree = "<group>";
		};
/* End PBXGroup section */

/* Begin PBXNativeTarget section */
		8E5FBFF22235AFC600FA3B1B /* WeatherGift */ = {
			isa = PBXNativeTarget;
			buildConfigurationList = 8E5FC0052235AFC800FA3B1B /* Build configuration list for PBXNativeTarget "WeatherGift" */;
			buildPhases = (
				8DBC1643EB71A6B1C74E0010 /* [CP] Check Pods Manifest.lock */,
				8E5FBFEF2235AFC600FA3B1B /* Sources */,
				8E5FBFF02235AFC600FA3B1B /* Frameworks */,
				8E5FBFF12235AFC600FA3B1B /* Resources */,
				9F85DBF6BCA690E361B21A1F /* [CP] Embed Pods Frameworks */,
				AC8DC7697D525F1FE2AB6321 /* [CP] Copy Pods Resources */,
			);
			buildRules = (
			);
			dependencies = (
			);
			name = WeatherGift;
			productName = WeatherGift;
			productReference = 8E5FBFF32235AFC600FA3B1B /* WeatherGift.app */;
			productType = "com.apple.product-type.application";
		};
/* End PBXNativeTarget section */

/* Begin PBXProject section */
		8E5FBFEB2235AFC600FA3B1B /* Project object */ = {
			isa = PBXProject;
			attributes = {
				LastSwiftUpdateCheck = 1010;
				LastUpgradeCheck = 1010;
				ORGANIZATIONNAME = "Cameron Arrigo";
				TargetAttributes = {
					8E5FBFF22235AFC600FA3B1B = {
						CreatedOnToolsVersion = 10.1;
					};
				};
			};
			buildConfigurationList = 8E5FBFEE2235AFC600FA3B1B /* Build configuration list for PBXProject "WeatherGift" */;
			compatibilityVersion = "Xcode 9.3";
			developmentRegion = en;
			hasScannedForEncodings = 0;
			knownRegions = (
				en,
				Base,
			);
			mainGroup = 8E5FBFEA2235AFC600FA3B1B;
			productRefGroup = 8E5FBFF42235AFC600FA3B1B /* Products */;
			projectDirPath = "";
			projectRoot = "";
			targets = (
				8E5FBFF22235AFC600FA3B1B /* WeatherGift */,
			);
		};
/* End PBXProject section */

/* Begin PBXResourcesBuildPhase section */
		8E5FBFF12235AFC600FA3B1B /* Resources */ = {
			isa = PBXResourcesBuildPhase;
			buildActionMask = 2147483647;
			files = (
				8E5FC0012235AFC800FA3B1B /* LaunchScreen.storyboard in Resources */,
				8E5FBFFE2235AFC800FA3B1B /* Assets.xcassets in Resources */,
				8E5FBFFC2235AFC600FA3B1B /* Main.storyboard in Resources */,
			);
			runOnlyForDeploymentPostprocessing = 0;
		};
/* End PBXResourcesBuildPhase section */

/* Begin PBXShellScriptBuildPhase section */
		8DBC1643EB71A6B1C74E0010 /* [CP] Check Pods Manifest.lock */ = {
			isa = PBXShellScriptBuildPhase;
			buildActionMask = 2147483647;
			files = (
			);
			inputFileListPaths = (
			);
			inputPaths = (
				"${PODS_PODFILE_DIR_PATH}/Podfile.lock",
				"${PODS_ROOT}/Manifest.lock",
			);
			name = "[CP] Check Pods Manifest.lock";
			outputFileListPaths = (
			);
			outputPaths = (
				"$(DERIVED_FILE_DIR)/Pods-WeatherGift-checkManifestLockResult.txt",
			);
			runOnlyForDeploymentPostprocessing = 0;
			shellPath = /bin/sh;
			shellScript = "diff \"${PODS_PODFILE_DIR_PATH}/Podfile.lock\" \"${PODS_ROOT}/Manifest.lock\" > /dev/null\nif [ $? != 0 ] ; then\n    # print error to STDERR\n    echo \"error: The sandbox is not in sync with the Podfile.lock. Run 'pod install' or update your CocoaPods installation.\" >&2\n    exit 1\nfi\n# This output is used by Xcode 'outputs' to avoid re-running this script phase.\necho \"SUCCESS\" > \"${SCRIPT_OUTPUT_FILE_0}\"\n";
			showEnvVarsInLog = 0;
		};
		9F85DBF6BCA690E361B21A1F /* [CP] Embed Pods Frameworks */ = {
			isa = PBXShellScriptBuildPhase;
			buildActionMask = 2147483647;
			files = (
			);
			inputFileListPaths = (
			);
			inputPaths = (
				"${PODS_ROOT}/Target Support Files/Pods-WeatherGift/Pods-WeatherGift-frameworks.sh",
				"${BUILT_PRODUCTS_DIR}/Alamofire/Alamofire.framework",
				"${BUILT_PRODUCTS_DIR}/SwiftyJSON/SwiftyJSON.framework",
			);
			name = "[CP] Embed Pods Frameworks";
			outputFileListPaths = (
			);
			outputPaths = (
				"${TARGET_BUILD_DIR}/${FRAMEWORKS_FOLDER_PATH}/Alamofire.framework",
				"${TARGET_BUILD_DIR}/${FRAMEWORKS_FOLDER_PATH}/SwiftyJSON.framework",
			);
			runOnlyForDeploymentPostprocessing = 0;
			shellPath = /bin/sh;
			shellScript = "\"${PODS_ROOT}/Target Support Files/Pods-WeatherGift/Pods-WeatherGift-frameworks.sh\"\n";
			showEnvVarsInLog = 0;
		};
		AC8DC7697D525F1FE2AB6321 /* [CP] Copy Pods Resources */ = {
			isa = PBXShellScriptBuildPhase;
			buildActionMask = 2147483647;
			files = (
			);
			inputFileListPaths = (
			);
			inputPaths = (
				"${PODS_ROOT}/Target Support Files/Pods-WeatherGift/Pods-WeatherGift-resources.sh",
				"${PODS_ROOT}/GooglePlaces/Frameworks/GooglePlaces.framework/Resources/GooglePlaces.bundle",
			);
			name = "[CP] Copy Pods Resources";
			outputFileListPaths = (
			);
			outputPaths = (
				"${TARGET_BUILD_DIR}/${UNLOCALIZED_RESOURCES_FOLDER_PATH}/GooglePlaces.bundle",
			);
			runOnlyForDeploymentPostprocessing = 0;
			shellPath = /bin/sh;
			shellScript = "\"${PODS_ROOT}/Target Support Files/Pods-WeatherGift/Pods-WeatherGift-resources.sh\"\n";
			showEnvVarsInLog = 0;
		};
/* End PBXShellScriptBuildPhase section */

/* Begin PBXSourcesBuildPhase section */
		8E5FBFEF2235AFC600FA3B1B /* Sources */ = {
			isa = PBXSourcesBuildPhase;
			buildActionMask = 2147483647;
			files = (
				8E0A679D22489CA00076B2C4 /* DayWeatherCell.swift in Sources */,
				8E0A6797223F4F9E0076B2C4 /* WeatherLocation.swift in Sources */,
				8E5FC00B2235C4AD00FA3B1B /* ListVC.swift in Sources */,
				8E5FC00D2235C87300FA3B1B /* PageVC.swift in Sources */,
				8E5FBFF72235AFC600FA3B1B /* AppDelegate.swift in Sources */,
				8E5FC0092235B7E700FA3B1B /* DetailVC.swift in Sources */,
				8E0A6799223F64800076B2C4 /* Constants.swift in Sources */,
			);
			runOnlyForDeploymentPostprocessing = 0;
		};
/* End PBXSourcesBuildPhase section */

/* Begin PBXVariantGroup section */
		8E5FBFFA2235AFC600FA3B1B /* Main.storyboard */ = {
			isa = PBXVariantGroup;
			children = (
				8E5FBFFB2235AFC600FA3B1B /* Base */,
			);
			name = Main.storyboard;
			sourceTree = "<group>";
		};
		8E5FBFFF2235AFC800FA3B1B /* LaunchScreen.storyboard */ = {
			isa = PBXVariantGroup;
			children = (
				8E5FC0002235AFC800FA3B1B /* Base */,
			);
			name = LaunchScreen.storyboard;
			sourceTree = "<group>";
		};
/* End PBXVariantGroup section */

/* Begin XCBuildConfiguration section */
		8E5FC0032235AFC800FA3B1B /* Debug */ = {
			isa = XCBuildConfiguration;
			buildSettings = {
				ALWAYS_SEARCH_USER_PATHS = NO;
				CLANG_ANALYZER_NONNULL = YES;
				CLANG_ANALYZER_NUMBER_OBJECT_CONVERSION = YES_AGGRESSIVE;
				CLANG_CXX_LANGUAGE_STANDARD = "gnu++14";
				CLANG_CXX_LIBRARY = "libc++";
				CLANG_ENABLE_MODULES = YES;
				CLANG_ENABLE_OBJC_ARC = YES;
				CLANG_ENABLE_OBJC_WEAK = YES;
				CLANG_WARN_BLOCK_CAPTURE_AUTORELEASING = YES;
				CLANG_WARN_BOOL_CONVERSION = YES;
				CLANG_WARN_COMMA = YES;
				CLANG_WARN_CONSTANT_CONVERSION = YES;
				CLANG_WARN_DEPRECATED_OBJC_IMPLEMENTATIONS = YES;
				CLANG_WARN_DIRECT_OBJC_ISA_USAGE = YES_ERROR;
				CLANG_WARN_DOCUMENTATION_COMMENTS = YES;
				CLANG_WARN_EMPTY_BODY = YES;
				CLANG_WARN_ENUM_CONVERSION = YES;
				CLANG_WARN_INFINITE_RECURSION = YES;
				CLANG_WARN_INT_CONVERSION = YES;
				CLANG_WARN_NON_LITERAL_NULL_CONVERSION = YES;
				CLANG_WARN_OBJC_IMPLICIT_RETAIN_SELF = YES;
				CLANG_WARN_OBJC_LITERAL_CONVERSION = YES;
				CLANG_WARN_OBJC_ROOT_CLASS = YES_ERROR;
				CLANG_WARN_RANGE_LOOP_ANALYSIS = YES;
				CLANG_WARN_STRICT_PROTOTYPES = YES;
				CLANG_WARN_SUSPICIOUS_MOVE = YES;
				CLANG_WARN_UNGUARDED_AVAILABILITY = YES_AGGRESSIVE;
				CLANG_WARN_UNREACHABLE_CODE = YES;
				CLANG_WARN__DUPLICATE_METHOD_MATCH = YES;
				CODE_SIGN_IDENTITY = "iPhone Developer";
				COPY_PHASE_STRIP = NO;
				DEBUG_INFORMATION_FORMAT = dwarf;
				ENABLE_STRICT_OBJC_MSGSEND = YES;
				ENABLE_TESTABILITY = YES;
				GCC_C_LANGUAGE_STANDARD = gnu11;
				GCC_DYNAMIC_NO_PIC = NO;
				GCC_NO_COMMON_BLOCKS = YES;
				GCC_OPTIMIZATION_LEVEL = 0;
				GCC_PREPROCESSOR_DEFINITIONS = (
					"DEBUG=1",
					"$(inherited)",
				);
				GCC_WARN_64_TO_32_BIT_CONVERSION = YES;
				GCC_WARN_ABOUT_RETURN_TYPE = YES_ERROR;
				GCC_WARN_UNDECLARED_SELECTOR = YES;
				GCC_WARN_UNINITIALIZED_AUTOS = YES_AGGRESSIVE;
				GCC_WARN_UNUSED_FUNCTION = YES;
				GCC_WARN_UNUSED_VARIABLE = YES;
				IPHONEOS_DEPLOYMENT_TARGET = 12.1;
				MTL_ENABLE_DEBUG_INFO = INCLUDE_SOURCE;
				MTL_FAST_MATH = YES;
				ONLY_ACTIVE_ARCH = YES;
				SDKROOT = iphoneos;
				SWIFT_ACTIVE_COMPILATION_CONDITIONS = DEBUG;
				SWIFT_OPTIMIZATION_LEVEL = "-Onone";
			};
			name = Debug;
		};
		8E5FC0042235AFC800FA3B1B /* Release */ = {
			isa = XCBuildConfiguration;
			buildSettings = {
				ALWAYS_SEARCH_USER_PATHS = NO;
				CLANG_ANALYZER_NONNULL = YES;
				CLANG_ANALYZER_NUMBER_OBJECT_CONVERSION = YES_AGGRESSIVE;
				CLANG_CXX_LANGUAGE_STANDARD = "gnu++14";
				CLANG_CXX_LIBRARY = "libc++";
				CLANG_ENABLE_MODULES = YES;
				CLANG_ENABLE_OBJC_ARC = YES;
				CLANG_ENABLE_OBJC_WEAK = YES;
				CLANG_WARN_BLOCK_CAPTURE_AUTORELEASING = YES;
				CLANG_WARN_BOOL_CONVERSION = YES;
				CLANG_WARN_COMMA = YES;
				CLANG_WARN_CONSTANT_CONVERSION = YES;
				CLANG_WARN_DEPRECATED_OBJC_IMPLEMENTATIONS = YES;
				CLANG_WARN_DIRECT_OBJC_ISA_USAGE = YES_ERROR;
				CLANG_WARN_DOCUMENTATION_COMMENTS = YES;
				CLANG_WARN_EMPTY_BODY = YES;
				CLANG_WARN_ENUM_CONVERSION = YES;
				CLANG_WARN_INFINITE_RECURSION = YES;
				CLANG_WARN_INT_CONVERSION = YES;
				CLANG_WARN_NON_LITERAL_NULL_CONVERSION = YES;
				CLANG_WARN_OBJC_IMPLICIT_RETAIN_SELF = YES;
				CLANG_WARN_OBJC_LITERAL_CONVERSION = YES;
				CLANG_WARN_OBJC_ROOT_CLASS = YES_ERROR;
				CLANG_WARN_RANGE_LOOP_ANALYSIS = YES;
				CLANG_WARN_STRICT_PROTOTYPES = YES;
				CLANG_WARN_SUSPICIOUS_MOVE = YES;
				CLANG_WARN_UNGUARDED_AVAILABILITY = YES_AGGRESSIVE;
				CLANG_WARN_UNREACHABLE_CODE = YES;
				CLANG_WARN__DUPLICATE_METHOD_MATCH = YES;
				CODE_SIGN_IDENTITY = "iPhone Developer";
				COPY_PHASE_STRIP = NO;
				DEBUG_INFORMATION_FORMAT = "dwarf-with-dsym";
				ENABLE_NS_ASSERTIONS = NO;
				ENABLE_STRICT_OBJC_MSGSEND = YES;
				GCC_C_LANGUAGE_STANDARD = gnu11;
				GCC_NO_COMMON_BLOCKS = YES;
				GCC_WARN_64_TO_32_BIT_CONVERSION = YES;
				GCC_WARN_ABOUT_RETURN_TYPE = YES_ERROR;
				GCC_WARN_UNDECLARED_SELECTOR = YES;
				GCC_WARN_UNINITIALIZED_AUTOS = YES_AGGRESSIVE;
				GCC_WARN_UNUSED_FUNCTION = YES;
				GCC_WARN_UNUSED_VARIABLE = YES;
				IPHONEOS_DEPLOYMENT_TARGET = 12.1;
				MTL_ENABLE_DEBUG_INFO = NO;
				MTL_FAST_MATH = YES;
				SDKROOT = iphoneos;
				SWIFT_COMPILATION_MODE = wholemodule;
				SWIFT_OPTIMIZATION_LEVEL = "-O";
				VALIDATE_PRODUCT = YES;
			};
			name = Release;
		};
		8E5FC0062235AFC800FA3B1B /* Debug */ = {
			isa = XCBuildConfiguration;
			baseConfigurationReference = 2761D59A73B4A5545310516B /* Pods-WeatherGift.debug.xcconfig */;
			buildSettings = {
				ASSETCATALOG_COMPILER_APPICON_NAME = AppIcon;
				CODE_SIGN_STYLE = Automatic;
				DEVELOPMENT_TEAM = L3UFM664Y8;
				INFOPLIST_FILE = WeatherGift/Info.plist;
				IPHONEOS_DEPLOYMENT_TARGET = 11.0;
				LD_RUNPATH_SEARCH_PATHS = (
					"$(inherited)",
					"@executable_path/Frameworks",
				);
				PRODUCT_BUNDLE_IDENTIFIER = com.arrigo.WeatherGift;
				PRODUCT_NAME = "$(TARGET_NAME)";
				SWIFT_VERSION = 4.2;
				TARGETED_DEVICE_FAMILY = "1,2";
			};
			name = Debug;
		};
		8E5FC0072235AFC800FA3B1B /* Release */ = {
			isa = XCBuildConfiguration;
			baseConfigurationReference = F3DDB397CE887BE8904A057E /* Pods-WeatherGift.release.xcconfig */;
			buildSettings = {
				ASSETCATALOG_COMPILER_APPICON_NAME = AppIcon;
				CODE_SIGN_STYLE = Automatic;
				DEVELOPMENT_TEAM = L3UFM664Y8;
				INFOPLIST_FILE = WeatherGift/Info.plist;
				IPHONEOS_DEPLOYMENT_TARGET = 11.0;
				LD_RUNPATH_SEARCH_PATHS = (
					"$(inherited)",
					"@executable_path/Frameworks",
				);
				PRODUCT_BUNDLE_IDENTIFIER = com.arrigo.WeatherGift;
				PRODUCT_NAME = "$(TARGET_NAME)";
				SWIFT_VERSION = 4.2;
				TARGETED_DEVICE_FAMILY = "1,2";
			};
			name = Release;
		};
/* End XCBuildConfiguration section */

/* Begin XCConfigurationList section */
		8E5FBFEE2235AFC600FA3B1B /* Build configuration list for PBXProject "WeatherGift" */ = {
			isa = XCConfigurationList;
			buildConfigurations = (
				8E5FC0032235AFC800FA3B1B /* Debug */,
				8E5FC0042235AFC800FA3B1B /* Release */,
			);
			defaultConfigurationIsVisible = 0;
			defaultConfigurationName = Release;
		};
		8E5FC0052235AFC800FA3B1B /* Build configuration list for PBXNativeTarget "WeatherGift" */ = {
			isa = XCConfigurationList;
			buildConfigurations = (
				8E5FC0062235AFC800FA3B1B /* Debug */,
				8E5FC0072235AFC800FA3B1B /* Release */,
			);
			defaultConfigurationIsVisible = 0;
			defaultConfigurationName = Release;
		};
/* End XCConfigurationList section */
	};
	rootObject = 8E5FBFEB2235AFC600FA3B1B /* Project object */;
}
